# THIS IS AN AUTOGENERATED FILE. DO NOT EDIT THIS FILE DIRECTLY.
# yarn lockfile v1


bga-animations@thoun/bga-animations#1.0.2:
  version "1.0.0"
  resolved "https://codeload.github.com/thoun/bga-animations/tar.gz/74a2aa97bc5367a84965aed6b4903d46a024b43e"

bga-cards@thoun/bga-cards#3.2.1:
  version "3.1.1"
  resolved "https://codeload.github.com/thoun/bga-cards/tar.gz/1b52f6c9164accfd836f1d4bc6a1fb8efa27a76a"

bga-help@thoun/bga-help#1.0.0:
  version "1.0.0"
  resolved "https://codeload.github.com/thoun/bga-help/tar.gz/ccd1dcea174006d7b64755ee09ca9484f783254d"

bga-jump-to@thoun/bga-jump-to#1.0.0:
  version "1.0.0"
  resolved "https://codeload.github.com/thoun/bga-jump-to/tar.gz/4aec4554cf458a56f7ea24bd257a076b34a2080e"

bga-zoom@thoun/bga-zoom#1.0.4:
  version "1.0.3"
  resolved "https://codeload.github.com/thoun/bga-zoom/tar.gz/8b5fd458c3d9c92da4d66891a5b07b9e894d89f0"

chokidar@^4.0.0:
  version "4.0.1"
  resolved "https://registry.yarnpkg.com/chokidar/-/chokidar-4.0.1.tgz#4a6dff66798fb0f72a94f616abbd7e1a19f31d41"
  integrity sha512-n8enUVCED/KVRQlab1hr3MVpcVMvxtZjmEa956u+4YijlmQED223XMSYj2tLuKvr4jcCTzNNMpQDUer72MMmzA==
  dependencies:
    readdirp "^4.0.1"

immutable@^4.0.0:
  version "4.3.7"
  resolved "https://registry.yarnpkg.com/immutable/-/immutable-4.3.7.tgz#c70145fc90d89fb02021e65c84eb0226e4e5a381"
  integrity sha512-1hqclzwYwjRDFLjcFxOM5AYkkG0rpFPpr1RLPMEuGczoS7YA8gLhy8SWXYRAA/XwfEHpfo3cw5JGioS32fnMRw==

readdirp@^4.0.1:
  version "4.0.1"
  resolved "https://registry.yarnpkg.com/readdirp/-/readdirp-4.0.1.tgz#b2fe35f8dca63183cd3b86883ecc8f720ea96ae6"
  integrity sha512-GkMg9uOTpIWWKbSsgwb5fA4EavTR+SG/PMPoAY8hkhHfEEY0/vqljY+XHqtDf2cr2IJtoNRDbrrEpZUiZCkYRw==

sass@^1.62.1:
  version "1.79.4"
  resolved "https://registry.yarnpkg.com/sass/-/sass-1.79.4.tgz#f9c45af35fbeb53d2c386850ec842098d9935267"
  integrity sha512-K0QDSNPXgyqO4GZq2HO5Q70TLxTH6cIT59RdoCHMivrC8rqzaTw5ab9prjz9KUN1El4FLXrBXJhik61JR4HcGg==
  dependencies:
    chokidar "^4.0.0"
    immutable "^4.0.0"
    source-map-js ">=0.6.2 <2.0.0"

"source-map-js@>=0.6.2 <2.0.0":
  version "1.2.1"
  resolved "https://registry.yarnpkg.com/source-map-js/-/source-map-js-1.2.1.tgz#1ce5650fddd87abc099eda37dcff024c2667ae46"
  integrity sha512-UXWMKhLOwVKb728IUtQPXxfYU+usdybtUrK/8uGE8CQMvrhOpwvzDBwj0QhSL7MQc7vIsISBG8VQ8+IDQxpfQA==

typescript@^5.0.4:
  version "5.6.2"
  resolved "https://registry.yarnpkg.com/typescript/-/typescript-5.6.2.tgz#d1de67b6bef77c41823f822df8f0b3bcff60a5a0"
  integrity sha512-NW8ByodCSNCwZeghjN3o+JX5OFH0Ojg6sadjEKY4huZ52TqbJTJnDo5+Tw98lSy63NZvi4n+ez5m2u5d4PkZyw==
