# This file is generated by running "yarn install" inside your project.
# Manual changes might be lost - proceed with caution!

__metadata:
  version: 6
  cacheKey: 8

"bga-animations@thoun/bga-animations#1.0.2":
  version: 1.0.0
  resolution: "bga-animations@https://github.com/thoun/bga-animations.git#commit=74a2aa97bc5367a84965aed6b4903d46a024b43e"
  checksum: c4b4bc65d941c4a52c7c8853a1c1e4391686064bb77aa0548494bdc79676f7ea6c4f9dc2331f35fbb718e81fbdb8ff6079e12fcbc8edf236d386acf6e1af4027
  languageName: node
  linkType: hard

"bga-cards@thoun/bga-cards#3.1.2":
  version: 3.1.1
  resolution: "bga-cards@https://github.com/thoun/bga-cards.git#commit=7b454d2e41587ac81955de306e1c5894bbc5ef1c"
  peerDependencies:
    bga-animations: "*"
  checksum: 09207d8fe5602e26f356d2d77e142cc92e9e81f5e4e235eca7b746039aa7b6c195a347d1c5b51eb579e7662feebf94ffeadb5e68a6fa5ca9f956cac43cb5f756
  languageName: node
  linkType: hard

"bga-help@thoun/bga-help#1.0.0":
  version: 1.0.0
  resolution: "bga-help@https://github.com/thoun/bga-help.git#commit=ccd1dcea174006d7b64755ee09ca9484f783254d"
  checksum: 3148a96f14cf9e20c7ac5052f39bd33338e08f6fc88ee98b8f94980cf3f821fe74562ee59f57dc82149a037051bd8e6199be1e1e8b5661fa00846b5a69b388c6
  languageName: node
  linkType: hard

"bga-jump-to@thoun/bga-jump-to#1.0.0":
  version: 1.0.0
  resolution: "bga-jump-to@https://github.com/thoun/bga-jump-to.git#commit=4aec4554cf458a56f7ea24bd257a076b34a2080e"
  checksum: 51cb15f78d814a79a9048954faa727f24b96623feffea8e500ffa518da28f8b6d9df466efa6e340ab3a582819f84eec9b1e601b96659a280eac171305d6d1645
  languageName: node
  linkType: hard

"bga-zoom@thoun/bga-zoom#1.0.4":
  version: 1.0.3
  resolution: "bga-zoom@https://github.com/thoun/bga-zoom.git#commit=8b5fd458c3d9c92da4d66891a5b07b9e894d89f0"
  checksum: f3e82aa923e78513d662aa70383fbf9dba57a433356a3706242c4e704dd7d07daa02c0c98de98ac6e6a2e44bc989d95c81350c63af7f2a8142f95c31f48a4146
  languageName: node
  linkType: hard

"chokidar@npm:^4.0.0":
  version: 4.0.1
  resolution: "chokidar@npm:4.0.1"
  dependencies:
    readdirp: ^4.0.1
  checksum: 193da9786b0422a895d59c7552195d15c6c636e6a2293ae43d09e34e243e24ccd02d693f007c767846a65abbeae5fea6bfacb8fc2ddec4ea4d397620d552010d
  languageName: node
  linkType: hard

"heat@workspace:.":
  version: 0.0.0-use.local
  resolution: "heat@workspace:."
  dependencies:
    bga-animations: "thoun/bga-animations#1.0.2"
    bga-cards: "thoun/bga-cards#3.1.2"
    bga-help: "thoun/bga-help#1.0.0"
    bga-jump-to: "thoun/bga-jump-to#1.0.0"
    bga-zoom: "thoun/bga-zoom#1.0.4"
    sass: ^1.62.1
    typescript: ^5.0.4
  languageName: unknown
  linkType: soft

"immutable@npm:^4.0.0":
  version: 4.3.7
  resolution: "immutable@npm:4.3.7"
  checksum: 1c50eb053bb300796551604afff554066f041aa8e15926cf98f6d11d9736b62ad12531c06515dd96375258653878b4736f8051cd20b640f5f976d09fa640e3ec
  languageName: node
  linkType: hard

"readdirp@npm:^4.0.1":
  version: 4.0.1
  resolution: "readdirp@npm:4.0.1"
  checksum: b39747defe52922c2478874ffbb1fd0bececa7b3170466a5bc770795dd5296a309598990cbd809732079b2363e989d0008b8e91cfbac7b726f68c1947db2d31c
  languageName: node
  linkType: hard

"sass@npm:^1.62.1":
  version: 1.79.4
  resolution: "sass@npm:1.79.4"
  dependencies:
    chokidar: ^4.0.0
    immutable: ^4.0.0
    source-map-js: ">=0.6.2 <2.0.0"
  bin:
    sass: sass.js
  checksum: c6da5642894f5ff6627861cd39d595f83e02f05255519a1c50873705ca1f8a6b9065a5c4456fb876552bba5b3024ad1424db00ee6ab12e66fe3be0acf48d5d21
  languageName: node
  linkType: hard

"source-map-js@npm:>=0.6.2 <2.0.0":
  version: 1.2.1
  resolution: "source-map-js@npm:1.2.1"
  checksum: 4eb0cd997cdf228bc253bcaff9340afeb706176e64868ecd20efbe6efea931465f43955612346d6b7318789e5265bdc419bc7669c1cebe3db0eb255f57efa76b
  languageName: node
  linkType: hard

"typescript@npm:^5.0.4":
  version: 5.6.2
  resolution: "typescript@npm:5.6.2"
  bin:
    tsc: bin/tsc
    tsserver: bin/tsserver
  checksum: 48777e1dabd9044519f56cd012b0296e3b72bafe12b7e8e34222751d45c67e0eba5387ecdaa6c14a53871a29361127798df6dc8d1d35643a0a47cb0b1c65a33a
  languageName: node
  linkType: hard

"typescript@patch:typescript@^5.0.4#~builtin<compat/typescript>":
  version: 5.6.2
  resolution: "typescript@patch:typescript@npm%3A5.6.2#~builtin<compat/typescript>::version=5.6.2&hash=77c9e2"
  bin:
    tsc: bin/tsc
    tsserver: bin/tsserver
  checksum: c084ee1ab865f108c787e6233a5f63c126c482c0c8e87ec998ac5288a2ad54b603e1ea8b8b272355823b833eb31b9fabb99e8c6152283e1cb47e3a76bd6faf6c
  languageName: node
  linkType: hard
